// !$*UTF8*$!
{
	archiveVersion = 1;
	classes = {
	};
	objectVersion = 50;
	objects = {

/* Begin PBXBuildFile section */
		B177F72DC6EADEDC1F6CFB6F /* Pods_CITestingTests.framework in Frameworks */ = {isa = PBXBuildFile; fileRef = 158B8F7FFF807C496717B970 /* Pods_CITestingTests.framework */; };
		DDC4814520D2588A0070B276 /* AppDelegate.swift in Sources */ = {isa = PBXBuildFile; fileRef = DDC4814420D2588A0070B276 /* AppDelegate.swift */; };
		DDC4814720D2588A0070B276 /* ViewController.swift in Sources */ = {isa = PBXBuildFile; fileRef = DDC4814620D2588A0070B276 /* ViewController.swift */; };
		DDC4814A20D2588A0070B276 /* Main.storyboard in Resources */ = {isa = PBXBuildFile; fileRef = DDC4814820D2588A0070B276 /* Main.storyboard */; };
		DDC4814C20D2588B0070B276 /* Assets.xcassets in Resources */ = {isa = PBXBuildFile; fileRef = DDC4814B20D2588B0070B276 /* Assets.xcassets */; };
		DDC4814F20D2588B0070B276 /* LaunchScreen.storyboard in Resources */ = {isa = PBXBuildFile; fileRef = DDC4814D20D2588B0070B276 /* LaunchScreen.storyboard */; };
		DDC4815A20D2588B0070B276 /* CITestingTests.swift in Sources */ = {isa = PBXBuildFile; fileRef = DDC4815920D2588B0070B276 /* CITestingTests.swift */; };
		EAEF44A4A5EF8F94D5E528BE /* Pods_CITesting.framework in Frameworks */ = {isa = PBXBuildFile; fileRef = 7C6DB9FF527B081724EDC5CD /* Pods_CITesting.framework */; };
/* End PBXBuildFile section */

/* Begin PBXContainerItemProxy section */
		DDC4815620D2588B0070B276 /* PBXContainerItemProxy */ = {
			isa = PBXContainerItemProxy;
			containerPortal = DDC4813920D2588A0070B276 /* Project object */;
			proxyType = 1;
			remoteGlobalIDString = DDC4814020D2588A0070B276;
			remoteInfo = CITesting;
		};
/* End PBXContainerItemProxy section */

/* Begin PBXFileReference section */
		158B8F7FFF807C496717B970 /* Pods_CITestingTests.framework */ = {isa = PBXFileReference; explicitFileType = wrapper.framework; includeInIndex = 0; path = Pods_CITestingTests.framework; sourceTree = BUILT_PRODUCTS_DIR; };
		2ADCADD9DA729DDBEA4C1006 /* Pods-CITestingTests.release.xcconfig */ = {isa = PBXFileReference; includeInIndex = 1; lastKnownFileType = text.xcconfig; name = "Pods-CITestingTests.release.xcconfig"; path = "Pods/Target Support Files/Pods-CITestingTests/Pods-CITestingTests.release.xcconfig"; sourceTree = "<group>"; };
		4C95C9D8AFE23804C469347B /* Pods-CITesting.debug.xcconfig */ = {isa = PBXFileReference; includeInIndex = 1; lastKnownFileType = text.xcconfig; name = "Pods-CITesting.debug.xcconfig"; path = "Pods/Target Support Files/Pods-CITesting/Pods-CITesting.debug.xcconfig"; sourceTree = "<group>"; };
		7C6DB9FF527B081724EDC5CD /* Pods_CITesting.framework */ = {isa = PBXFileReference; explicitFileType = wrapper.framework; includeInIndex = 0; path = Pods_CITesting.framework; sourceTree = BUILT_PRODUCTS_DIR; };
		CE60AC24B73A1B067D163042 /* Pods-CITestingTests.debug.xcconfig */ = {isa = PBXFileReference; includeInIndex = 1; lastKnownFileType = text.xcconfig; name = "Pods-CITestingTests.debug.xcconfig"; path = "Pods/Target Support Files/Pods-CITestingTests/Pods-CITestingTests.debug.xcconfig"; sourceTree = "<group>"; };
		D47DA1ACF7F40EEE38668C01 /* Pods-CITesting.release.xcconfig */ = {isa = PBXFileReference; includeInIndex = 1; lastKnownFileType = text.xcconfig; name = "Pods-CITesting.release.xcconfig"; path = "Pods/Target Support Files/Pods-CITesting/Pods-CITesting.release.xcconfig"; sourceTree = "<group>"; };
		DDC4814120D2588A0070B276 /* CITesting.app */ = {isa = PBXFileReference; explicitFileType = wrapper.application; includeInIndex = 0; path = CITesting.app; sourceTree = BUILT_PRODUCTS_DIR; };
		DDC4814420D2588A0070B276 /* AppDelegate.swift */ = {isa = PBXFileReference; lastKnownFileType = sourcecode.swift; path = AppDelegate.swift; sourceTree = "<group>"; };
		DDC4814620D2588A0070B276 /* ViewController.swift */ = {isa = PBXFileReference; lastKnownFileType = sourcecode.swift; path = ViewController.swift; sourceTree = "<group>"; };
		DDC4814920D2588A0070B276 /* Base */ = {isa = PBXFileReference; lastKnownFileType = file.storyboard; name = Base; path = Base.lproj/Main.storyboard; sourceTree = "<group>"; };
		DDC4814B20D2588B0070B276 /* Assets.xcassets */ = {isa = PBXFileReference; lastKnownFileType = folder.assetcatalog; path = Assets.xcassets; sourceTree = "<group>"; };
		DDC4814E20D2588B0070B276 /* Base */ = {isa = PBXFileReference; lastKnownFileType = file.storyboard; name = Base; path = Base.lproj/LaunchScreen.storyboard; sourceTree = "<group>"; };
		DDC4815020D2588B0070B276 /* Info.plist */ = {isa = PBXFileReference; lastKnownFileType = text.plist.xml; path = Info.plist; sourceTree = "<group>"; };
		DDC4815520D2588B0070B276 /* CITestingTests.xctest */ = {isa = PBXFileReference; explicitFileType = wrapper.cfbundle; includeInIndex = 0; path = CITestingTests.xctest; sourceTree = BUILT_PRODUCTS_DIR; };
		DDC4815920D2588B0070B276 /* CITestingTests.swift */ = {isa = PBXFileReference; lastKnownFileType = sourcecode.swift; path = CITestingTests.swift; sourceTree = "<group>"; };
		DDC4815B20D2588B0070B276 /* Info.plist */ = {isa = PBXFileReference; lastKnownFileType = text.plist.xml; path = Info.plist; sourceTree = "<group>"; };
/* End PBXFileReference section */

/* Begin PBXFrameworksBuildPhase section */
		DDC4813E20D2588A0070B276 /* Frameworks */ = {
			isa = PBXFrameworksBuildPhase;
			buildActionMask = 2147483647;
			files = (
				EAEF44A4A5EF8F94D5E528BE /* Pods_CITesting.framework in Frameworks */,
			);
			runOnlyForDeploymentPostprocessing = 0;
		};
		DDC4815220D2588B0070B276 /* Frameworks */ = {
			isa = PBXFrameworksBuildPhase;
			buildActionMask = 2147483647;
			files = (
				B177F72DC6EADEDC1F6CFB6F /* Pods_CITestingTests.framework in Frameworks */,
			);
			runOnlyForDeploymentPostprocessing = 0;
		};
/* End PBXFrameworksBuildPhase section */

/* Begin PBXGroup section */
		1DB3BFC6B02E3274E934839C /* Pods */ = {
			isa = PBXGroup;
			children = (
				4C95C9D8AFE23804C469347B /* Pods-CITesting.debug.xcconfig */,
				D47DA1ACF7F40EEE38668C01 /* Pods-CITesting.release.xcconfig */,
				CE60AC24B73A1B067D163042 /* Pods-CITestingTests.debug.xcconfig */,
				2ADCADD9DA729DDBEA4C1006 /* Pods-CITestingTests.release.xcconfig */,
			);
			name = Pods;
			sourceTree = "<group>";
		};
		4F263F79C3317EC28453D9C5 /* Frameworks */ = {
			isa = PBXGroup;
			children = (
				7C6DB9FF527B081724EDC5CD /* Pods_CITesting.framework */,
				158B8F7FFF807C496717B970 /* Pods_CITestingTests.framework */,
			);
			name = Frameworks;
			sourceTree = "<group>";
		};
		DDC4813820D2588A0070B276 = {
			isa = PBXGroup;
			children = (
				DDC4814320D2588A0070B276 /* CITesting */,
				DDC4815820D2588B0070B276 /* CITestingTests */,
				DDC4814220D2588A0070B276 /* Products */,
				1DB3BFC6B02E3274E934839C /* Pods */,
				4F263F79C3317EC28453D9C5 /* Frameworks */,
			);
			sourceTree = "<group>";
		};
		DDC4814220D2588A0070B276 /* Products */ = {
			isa = PBXGroup;
			children = (
				DDC4814120D2588A0070B276 /* CITesting.app */,
				DDC4815520D2588B0070B276 /* CITestingTests.xctest */,
			);
			name = Products;
			sourceTree = "<group>";
		};
		DDC4814320D2588A0070B276 /* CITesting */ = {
			isa = PBXGroup;
			children = (
				DDC4814420D2588A0070B276 /* AppDelegate.swift */,
				DDC4814620D2588A0070B276 /* ViewController.swift */,
				DDC4814820D2588A0070B276 /* Main.storyboard */,
				DDC4814B20D2588B0070B276 /* Assets.xcassets */,
				DDC4814D20D2588B0070B276 /* LaunchScreen.storyboard */,
				DDC4815020D2588B0070B276 /* Info.plist */,
			);
			path = CITesting;
			sourceTree = "<group>";
		};
		DDC4815820D2588B0070B276 /* CITestingTests */ = {
			isa = PBXGroup;
			children = (
				DDC4815920D2588B0070B276 /* CITestingTests.swift */,
				DDC4815B20D2588B0070B276 /* Info.plist */,
			);
			path = CITestingTests;
			sourceTree = "<group>";
		};
/* End PBXGroup section */

/* Begin PBXNativeTarget section */
		DDC4814020D2588A0070B276 /* CITesting */ = {
			isa = PBXNativeTarget;
			buildConfigurationList = DDC4815E20D2588B0070B276 /* Build configuration list for PBXNativeTarget "CITesting" */;
			buildPhases = (
				7CFD5E62478832A9D013295C /* [CP] Check Pods Manifest.lock */,
				DDC4813D20D2588A0070B276 /* Sources */,
				DDC4813E20D2588A0070B276 /* Frameworks */,
				DDC4813F20D2588A0070B276 /* Resources */,
				DDC4816420D25EAB0070B276 /* Swift Lint */,
			);
			buildRules = (
			);
			dependencies = (
			);
			name = CITesting;
			productName = CITesting;
			productReference = DDC4814120D2588A0070B276 /* CITesting.app */;
			productType = "com.apple.product-type.application";
		};
		DDC4815420D2588B0070B276 /* CITestingTests */ = {
			isa = PBXNativeTarget;
			buildConfigurationList = DDC4816120D2588B0070B276 /* Build configuration list for PBXNativeTarget "CITestingTests" */;
			buildPhases = (
				E9DB95D50E1F82E97C831C1F /* [CP] Check Pods Manifest.lock */,
				DDC4815120D2588B0070B276 /* Sources */,
				DDC4815220D2588B0070B276 /* Frameworks */,
				DDC4815320D2588B0070B276 /* Resources */,
			);
			buildRules = (
			);
			dependencies = (
				DDC4815720D2588B0070B276 /* PBXTargetDependency */,
			);
			name = CITestingTests;
			productName = CITestingTests;
			productReference = DDC4815520D2588B0070B276 /* CITestingTests.xctest */;
			productType = "com.apple.product-type.bundle.unit-test";
		};
/* End PBXNativeTarget section */

/* Begin PBXProject section */
		DDC4813920D2588A0070B276 /* Project object */ = {
			isa = PBXProject;
			attributes = {
				LastSwiftUpdateCheck = 0940;
				LastUpgradeCheck = 0940;
				ORGANIZATIONNAME = "Touchlane LLC";
				TargetAttributes = {
					DDC4814020D2588A0070B276 = {
						CreatedOnToolsVersion = 9.4;
					};
					DDC4815420D2588B0070B276 = {
						CreatedOnToolsVersion = 9.4;
						TestTargetID = DDC4814020D2588A0070B276;
					};
				};
			};
			buildConfigurationList = DDC4813C20D2588A0070B276 /* Build configuration list for PBXProject "CITesting" */;
			compatibilityVersion = "Xcode 9.3";
			developmentRegion = en;
			hasScannedForEncodings = 0;
			knownRegions = (
				en,
				Base,
			);
			mainGroup = DDC4813820D2588A0070B276;
			productRefGroup = DDC4814220D2588A0070B276 /* Products */;
			projectDirPath = "";
			projectRoot = "";
			targets = (
				DDC4814020D2588A0070B276 /* CITesting */,
				DDC4815420D2588B0070B276 /* CITestingTests */,
			);
		};
/* End PBXProject section */

/* Begin PBXResourcesBuildPhase section */
		DDC4813F20D2588A0070B276 /* Resources */ = {
			isa = PBXResourcesBuildPhase;
			buildActionMask = 2147483647;
			files = (
				DDC4814F20D2588B0070B276 /* LaunchScreen.storyboard in Resources */,
				DDC4814C20D2588B0070B276 /* Assets.xcassets in Resources */,
				DDC4814A20D2588A0070B276 /* Main.storyboard in Resources */,
			);
			runOnlyForDeploymentPostprocessing = 0;
		};
		DDC4815320D2588B0070B276 /* Resources */ = {
			isa = PBXResourcesBuildPhase;
			buildActionMask = 2147483647;
			files = (
			);
			runOnlyForDeploymentPostprocessing = 0;
		};
/* End PBXResourcesBuildPhase section */

/* Begin PBXShellScriptBuildPhase section */
		7CFD5E62478832A9D013295C /* [CP] Check Pods Manifest.lock */ = {
			isa = PBXShellScriptBuildPhase;
			buildActionMask = 2147483647;
			files = (
			);
			inputPaths = (
				"${PODS_PODFILE_DIR_PATH}/Podfile.lock",
				"${PODS_ROOT}/Manifest.lock",
			);
			name = "[CP] Check Pods Manifest.lock";
			outputPaths = (
				"$(DERIVED_FILE_DIR)/Pods-CITesting-checkManifestLockResult.txt",
			);
			runOnlyForDeploymentPostprocessing = 0;
			shellPath = /bin/sh;
			shellScript = "diff \"${PODS_PODFILE_DIR_PATH}/Podfile.lock\" \"${PODS_ROOT}/Manifest.lock\" > /dev/null\nif [ $? != 0 ] ; then\n    # print error to STDERR\n    echo \"error: The sandbox is not in sync with the Podfile.lock. Run 'pod install' or update your CocoaPods installation.\" >&2\n    exit 1\nfi\n# This output is used by Xcode 'outputs' to avoid re-running this script phase.\necho \"SUCCESS\" > \"${SCRIPT_OUTPUT_FILE_0}\"\n";
			showEnvVarsInLog = 0;
		};
		DDC4816420D25EAB0070B276 /* Swift Lint */ = {
			isa = PBXShellScriptBuildPhase;
			buildActionMask = 2147483647;
			files = (
			);
			inputPaths = (
			);
			name = "Swift Lint";
			outputPaths = (
			);
			runOnlyForDeploymentPostprocessing = 0;
			shellPath = /bin/sh;
			shellScript = "\"${PODS_ROOT}/SwiftLint/swiftlint\"\n";
		};
		E9DB95D50E1F82E97C831C1F /* [CP] Check Pods Manifest.lock */ = {
			isa = PBXShellScriptBuildPhase;
			buildActionMask = 2147483647;
			files = (
			);
			inputPaths = (
				"${PODS_PODFILE_DIR_PATH}/Podfile.lock",
				"${PODS_ROOT}/Manifest.lock",
			);
			name = "[CP] Check Pods Manifest.lock";
			outputPaths = (
				"$(DERIVED_FILE_DIR)/Pods-CITestingTests-checkManifestLockResult.txt",
			);
			runOnlyForDeploymentPostprocessing = 0;
			shellPath = /bin/sh;
			shellScript = "diff \"${PODS_PODFILE_DIR_PATH}/Podfile.lock\" \"${PODS_ROOT}/Manifest.lock\" > /dev/null\nif [ $? != 0 ] ; then\n    # print error to STDERR\n    echo \"error: The sandbox is not in sync with the Podfile.lock. Run 'pod install' or update your CocoaPods installation.\" >&2\n    exit 1\nfi\n# This output is used by Xcode 'outputs' to avoid re-running this script phase.\necho \"SUCCESS\" > \"${SCRIPT_OUTPUT_FILE_0}\"\n";
			showEnvVarsInLog = 0;
		};
/* End PBXShellScriptBuildPhase section */

/* Begin PBXSourcesBuildPhase section */
		DDC4813D20D2588A0070B276 /* Sources */ = {
			isa = PBXSourcesBuildPhase;
			buildActionMask = 2147483647;
			files = (
				DDC4814720D2588A0070B276 /* ViewController.swift in Sources */,
				DDC4814520D2588A0070B276 /* AppDelegate.swift in Sources */,
			);
			runOnlyForDeploymentPostprocessing = 0;
		};
		DDC4815120D2588B0070B276 /* Sources */ = {
			isa = PBXSourcesBuildPhase;
			buildActionMask = 2147483647;
			files = (
				DDC4815A20D2588B0070B276 /* CITestingTests.swift in Sources */,
			);
			runOnlyForDeploymentPostprocessing = 0;
		};
/* End PBXSourcesBuildPhase section */

/* Begin PBXTargetDependency section */
		DDC4815720D2588B0070B276 /* PBXTargetDependency */ = {
			isa = PBXTargetDependency;
			target = DDC4814020D2588A0070B276 /* CITesting */;
			targetProxy = DDC4815620D2588B0070B276 /* PBXContainerItemProxy */;
		};
/* End PBXTargetDependency section */

/* Begin PBXVariantGroup section */
		DDC4814820D2588A0070B276 /* Main.storyboard */ = {
			isa = PBXVariantGroup;
			children = (
				DDC4814920D2588A0070B276 /* Base */,
			);
			name = Main.storyboard;
			sourceTree = "<group>";
		};
		DDC4814D20D2588B0070B276 /* LaunchScreen.storyboard */ = {
			isa = PBXVariantGroup;
			children = (
				DDC4814E20D2588B0070B276 /* Base */,
			);
			name = LaunchScreen.storyboard;
			sourceTree = "<group>";
		};
/* End PBXVariantGroup section */

/* Begin XCBuildConfiguration section */
		DDC4815C20D2588B0070B276 /* Debug */ = {
			isa = XCBuildConfiguration;
			buildSettings = {
				ALWAYS_SEARCH_USER_PATHS = NO;
				CLANG_ANALYZER_NONNULL = YES;
				CLANG_ANALYZER_NUMBER_OBJECT_CONVERSION = YES_AGGRESSIVE;
				CLANG_CXX_LANGUAGE_STANDARD = "gnu++14";
				CLANG_CXX_LIBRARY = "libc++";
				CLANG_ENABLE_MODULES = YES;
				CLANG_ENABLE_OBJC_ARC = YES;
				CLANG_ENABLE_OBJC_WEAK = YES;
				CLANG_WARN_BLOCK_CAPTURE_AUTORELEASING = YES;
				CLANG_WARN_BOOL_CONVERSION = YES;
				CLANG_WARN_COMMA = YES;
				CLANG_WARN_CONSTANT_CONVERSION = YES;
				CLANG_WARN_DEPRECATED_OBJC_IMPLEMENTATIONS = YES;
				CLANG_WARN_DIRECT_OBJC_ISA_USAGE = YES_ERROR;
				CLANG_WARN_DOCUMENTATION_COMMENTS = YES;
				CLANG_WARN_EMPTY_BODY = YES;
				CLANG_WARN_ENUM_CONVERSION = YES;
				CLANG_WARN_INFINITE_RECURSION = YES;
				CLANG_WARN_INT_CONVERSION = YES;
				CLANG_WARN_NON_LITERAL_NULL_CONVERSION = YES;
				CLANG_WARN_OBJC_IMPLICIT_RETAIN_SELF = YES;
				CLANG_WARN_OBJC_LITERAL_CONVERSION = YES;
				CLANG_WARN_OBJC_ROOT_CLASS = YES_ERROR;
				CLANG_WARN_RANGE_LOOP_ANALYSIS = YES;
				CLANG_WARN_STRICT_PROTOTYPES = YES;
				CLANG_WARN_SUSPICIOUS_MOVE = YES;
				CLANG_WARN_UNGUARDED_AVAILABILITY = YES_AGGRESSIVE;
				CLANG_WARN_UNREACHABLE_CODE = YES;
				CLANG_WARN__DUPLICATE_METHOD_MATCH = YES;
				CODE_SIGN_IDENTITY = "iPhone Developer";
				COPY_PHASE_STRIP = NO;
				DEBUG_INFORMATION_FORMAT = dwarf;
				ENABLE_STRICT_OBJC_MSGSEND = YES;
				ENABLE_TESTABILITY = YES;
				GCC_C_LANGUAGE_STANDARD = gnu11;
				GCC_DYNAMIC_NO_PIC = NO;
				GCC_NO_COMMON_BLOCKS = YES;
				GCC_OPTIMIZATION_LEVEL = 0;
				GCC_PREPROCESSOR_DEFINITIONS = (
					"DEBUG=1",
					"$(inherited)",
				);
				GCC_WARN_64_TO_32_BIT_CONVERSION = YES;
				GCC_WARN_ABOUT_RETURN_TYPE = YES_ERROR;
				GCC_WARN_UNDECLARED_SELECTOR = YES;
				GCC_WARN_UNINITIALIZED_AUTOS = YES_AGGRESSIVE;
				GCC_WARN_UNUSED_FUNCTION = YES;
				GCC_WARN_UNUSED_VARIABLE = YES;
				IPHONEOS_DEPLOYMENT_TARGET = 11.4;
				MTL_ENABLE_DEBUG_INFO = YES;
				ONLY_ACTIVE_ARCH = YES;
				SDKROOT = iphoneos;
				SWIFT_ACTIVE_COMPILATION_CONDITIONS = DEBUG;
				SWIFT_OPTIMIZATION_LEVEL = "-Onone";
			};
			name = Debug;
		};
		DDC4815D20D2588B0070B276 /* Release */ = {
			isa = XCBuildConfiguration;
			buildSettings = {
				ALWAYS_SEARCH_USER_PATHS = NO;
				CLANG_ANALYZER_NONNULL = YES;
				CLANG_ANALYZER_NUMBER_OBJECT_CONVERSION = YES_AGGRESSIVE;
				CLANG_CXX_LANGUAGE_STANDARD = "gnu++14";
				CLANG_CXX_LIBRARY = "libc++";
				CLANG_ENABLE_MODULES = YES;
				CLANG_ENABLE_OBJC_ARC = YES;
				CLANG_ENABLE_OBJC_WEAK = YES;
				CLANG_WARN_BLOCK_CAPTURE_AUTORELEASING = YES;
				CLANG_WARN_BOOL_CONVERSION = YES;
				CLANG_WARN_COMMA = YES;
				CLANG_WARN_CONSTANT_CONVERSION = YES;
				CLANG_WARN_DEPRECATED_OBJC_IMPLEMENTATIONS = YES;
				CLANG_WARN_DIRECT_OBJC_ISA_USAGE = YES_ERROR;
				CLANG_WARN_DOCUMENTATION_COMMENTS = YES;
				CLANG_WARN_EMPTY_BODY = YES;
				CLANG_WARN_ENUM_CONVERSION = YES;
				CLANG_WARN_INFINITE_RECURSION = YES;
				CLANG_WARN_INT_CONVERSION = YES;
				CLANG_WARN_NON_LITERAL_NULL_CONVERSION = YES;
				CLANG_WARN_OBJC_IMPLICIT_RETAIN_SELF = YES;
				CLANG_WARN_OBJC_LITERAL_CONVERSION = YES;
				CLANG_WARN_OBJC_ROOT_CLASS = YES_ERROR;
				CLANG_WARN_RANGE_LOOP_ANALYSIS = YES;
				CLANG_WARN_STRICT_PROTOTYPES = YES;
				CLANG_WARN_SUSPICIOUS_MOVE = YES;
				CLANG_WARN_UNGUARDED_AVAILABILITY = YES_AGGRESSIVE;
				CLANG_WARN_UNREACHABLE_CODE = YES;
				CLANG_WARN__DUPLICATE_METHOD_MATCH = YES;
				CODE_SIGN_IDENTITY = "iPhone Developer";
				COPY_PHASE_STRIP = NO;
				DEBUG_INFORMATION_FORMAT = "dwarf-with-dsym";
				ENABLE_NS_ASSERTIONS = NO;
				ENABLE_STRICT_OBJC_MSGSEND = YES;
				GCC_C_LANGUAGE_STANDARD = gnu11;
				GCC_NO_COMMON_BLOCKS = YES;
				GCC_WARN_64_TO_32_BIT_CONVERSION = YES;
				GCC_WARN_ABOUT_RETURN_TYPE = YES_ERROR;
				GCC_WARN_UNDECLARED_SELECTOR = YES;
				GCC_WARN_UNINITIALIZED_AUTOS = YES_AGGRESSIVE;
				GCC_WARN_UNUSED_FUNCTION = YES;
				GCC_WARN_UNUSED_VARIABLE = YES;
				IPHONEOS_DEPLOYMENT_TARGET = 11.4;
				MTL_ENABLE_DEBUG_INFO = NO;
				SDKROOT = iphoneos;
				SWIFT_COMPILATION_MODE = wholemodule;
				SWIFT_OPTIMIZATION_LEVEL = "-O";
				VALIDATE_PRODUCT = YES;
			};
			name = Release;
		};
		DDC4815F20D2588B0070B276 /* Debug */ = {
			isa = XCBuildConfiguration;
			baseConfigurationReference = 4C95C9D8AFE23804C469347B /* Pods-CITesting.debug.xcconfig */;
			buildSettings = {
				ASSETCATALOG_COMPILER_APPICON_NAME = AppIcon;
				CODE_SIGN_STYLE = Automatic;
				DEVELOPMENT_TEAM = NPGMYNXF85;
				INFOPLIST_FILE = CITesting/Info.plist;
				LD_RUNPATH_SEARCH_PATHS = (
					"$(inherited)",
					"@executable_path/Frameworks",
				);
				PRODUCT_BUNDLE_IDENTIFIER = io.touchlane.CITesting;
				PRODUCT_NAME = "$(TARGET_NAME)";
				SWIFT_VERSION = 4.0;
				TARGETED_DEVICE_FAMILY = "1,2";
			};
			name = Debug;
		};
		DDC4816020D2588B0070B276 /* Release */ = {
			isa = XCBuildConfiguration;
			baseConfigurationReference = D47DA1ACF7F40EEE38668C01 /* Pods-CITesting.release.xcconfig */;
			buildSettings = {
				ASSETCATALOG_COMPILER_APPICON_NAME = AppIcon;
				CODE_SIGN_STYLE = Automatic;
				DEVELOPMENT_TEAM = NPGMYNXF85;
				INFOPLIST_FILE = CITesting/Info.plist;
				LD_RUNPATH_SEARCH_PATHS = (
					"$(inherited)",
					"@executable_path/Frameworks",
				);
				PRODUCT_BUNDLE_IDENTIFIER = io.touchlane.CITesting;
				PRODUCT_NAME = "$(TARGET_NAME)";
				SWIFT_VERSION = 4.0;
				TARGETED_DEVICE_FAMILY = "1,2";
			};
			name = Release;
		};
		DDC4816220D2588B0070B276 /* Debug */ = {
			isa = XCBuildConfiguration;
			baseConfigurationReference = CE60AC24B73A1B067D163042 /* Pods-CITestingTests.debug.xcconfig */;
			buildSettings = {
				ALWAYS_EMBED_SWIFT_STANDARD_LIBRARIES = YES;
				BUNDLE_LOADER = "$(TEST_HOST)";
				CODE_SIGN_STYLE = Automatic;
				DEVELOPMENT_TEAM = NPGMYNXF85;
				INFOPLIST_FILE = CITestingTests/Info.plist;
				LD_RUNPATH_SEARCH_PATHS = (
					"$(inherited)",
					"@executable_path/Frameworks",
					"@loader_path/Frameworks",
				);
				PRODUCT_BUNDLE_IDENTIFIER = io.touchlane.CITestingTests;
				PRODUCT_NAME = "$(TARGET_NAME)";
				SWIFT_VERSION = 4.0;
				TARGETED_DEVICE_FAMILY = "1,2";
				TEST_HOST = "$(BUILT_PRODUCTS_DIR)/CITesting.app/CITesting";
			};
			name = Debug;
		};
		DDC4816320D2588B0070B276 /* Release */ = {
			isa = XCBuildConfiguration;
			baseConfigurationReference = 2ADCADD9DA729DDBEA4C1006 /* Pods-CITestingTests.release.xcconfig */;
			buildSettings = {
				ALWAYS_EMBED_SWIFT_STANDARD_LIBRARIES = YES;
				BUNDLE_LOADER = "$(TEST_HOST)";
				CODE_SIGN_STYLE = Automatic;
				DEVELOPMENT_TEAM = NPGMYNXF85;
				INFOPLIST_FILE = CITestingTests/Info.plist;
				LD_RUNPATH_SEARCH_PATHS = (
					"$(inherited)",
					"@executable_path/Frameworks",
					"@loader_path/Frameworks",
				);
				PRODUCT_BUNDLE_IDENTIFIER = io.touchlane.CITestingTests;
				PRODUCT_NAME = "$(TARGET_NAME)";
				SWIFT_VERSION = 4.0;
				TARGETED_DEVICE_FAMILY = "1,2";
				TEST_HOST = "$(BUILT_PRODUCTS_DIR)/CITesting.app/CITesting";
			};
			name = Release;
		};
/* End XCBuildConfiguration section */

/* Begin XCConfigurationList section */
		DDC4813C20D2588A0070B276 /* Build configuration list for PBXProject "CITesting" */ = {
			isa = XCConfigurationList;
			buildConfigurations = (
				DDC4815C20D2588B0070B276 /* Debug */,
				DDC4815D20D2588B0070B276 /* Release */,
			);
			defaultConfigurationIsVisible = 0;
			defaultConfigurationName = Release;
		};
		DDC4815E20D2588B0070B276 /* Build configuration list for PBXNativeTarget "CITesting" */ = {
			isa = XCConfigurationList;
			buildConfigurations = (
				DDC4815F20D2588B0070B276 /* Debug */,
				DDC4816020D2588B0070B276 /* Release */,
			);
			defaultConfigurationIsVisible = 0;
			defaultConfigurationName = Release;
		};
		DDC4816120D2588B0070B276 /* Build configuration list for PBXNativeTarget "CITestingTests" */ = {
			isa = XCConfigurationList;
			buildConfigurations = (
				DDC4816220D2588B0070B276 /* Debug */,
				DDC4816320D2588B0070B276 /* Release */,
			);
			defaultConfigurationIsVisible = 0;
			defaultConfigurationName = Release;
		};
/* End XCConfigurationList section */
	};
	rootObject = DDC4813920D2588A0070B276 /* Project object */;
}
